
Microsoft Visual Studio Solution File, Format Version 12.00
# Visual Studio Version 16
VisualStudioVersion = 16.0.29728.190
MinimumVisualStudioVersion = 10.0.40219.1
Project("{FAE04EC0-301F-11D3-BF4B-00C04F79EFBC}") = "EquipmentParamMonitor", "EquipmentParamMonitor\EquipmentParamMonitor.csproj", "{5A811407-92CB-4AF7-B29E-9C8656AAA546}"
EndProject
Project("{FAE04EC0-301F-11D3-BF4B-00C04F79EFBC}") = "KanBanDataService", "KanBanDataService\KanBanDataService.csproj", "{2E9109F0-0FBA-4ED7-80F2-970724E6DC10}"
EndProject
Project("{FAE04EC0-301F-11D3-BF4B-00C04F79EFBC}") = "ShipperToQAD", "ShipperToQAD\ShipperToQAD.csproj", "{78732ED7-3CC1-4158-8F9E-F7800BEDDCD6}"
EndProject
Project("{FAE04EC0-301F-11D3-BF4B-00C04F79EFBC}") = "BroadCastDispatch", "BroadCastDispatch\BroadCastDispatch.csproj", "{F5001DDC-E904-483E-972C-FD3718E58BD1}"
EndProject
Project("{FAE04EC0-301F-11D3-BF4B-00C04F79EFBC}") = "DPToleranceMonitorService", "DPToleranceMonitorService\DPToleranceMonitorService.csproj", "{693C17D3-B330-4B8B-BB9F-2BB7DCCFD988}"
EndProject
Project("{FAE04EC0-301F-11D3-BF4B-00C04F79EFBC}") = "EPSendToQAD", "EPSendToQAD\EPSendToQAD.csproj", "{CC14B7AE-DA53-4308-B026-DB2B2A891725}"
EndProject
Project("{FAE04EC0-301F-11D3-BF4B-00C04F79EFBC}") = "PABErrorLogMonitor", "PABErrorLogMonitor\PABErrorLogMonitor.csproj", "{4F2D93C4-0A50-4377-B544-E4F5BC56E310}"
EndProject
Project("{9A19103F-16F7-4668-BE54-9A1E7A4F7556}") = "TransferKepware2DB", "TransferKepware2DB\TransferKepware2DB.csproj", "{92AC7C4A-A360-4464-A16D-03C5BE2CA2BA}"
EndProject
Project("{9A19103F-16F7-4668-BE54-9A1E7A4F7556}") = "ShippingMonitor", "ShippingMonitor\ShippingMonitor.csproj", "{6C0CB3B7-6E1F-4277-BFCE-D484BF88938F}"
EndProject
Project("{FAE04EC0-301F-11D3-BF4B-00C04F79EFBC}") = "DPToolingService", "DPToolingService\DPToolingService.csproj", "{91996C4C-E9BA-4D35-8912-8A46497C9F6C}"
EndProject
Project("{FAE04EC0-301F-11D3-BF4B-00C04F79EFBC}") = "ProjectArrow", "ProjectArrow\ProjectArrow.csproj", "{1E0ACF64-6D25-415B-B574-1E4CA09FB7FF}"
EndProject
Project("{FAE04EC0-301F-11D3-BF4B-00C04F79EFBC}") = "ShippingEmergency", "ShippingEmergency\ShippingEmergency.csproj", "{EDF0BB47-D72C-40C0-98B9-4755B2122262}"
EndProject
Project("{FAE04EC0-301F-11D3-BF4B-00C04F79EFBC}") = "WSDataTransferSuper", "WSDataTransferSuper\WSDataTransferSuper.csproj", "{9D88824D-0C4F-419A-8673-16438059701F}"
EndProject
Project("{FAE04EC0-301F-11D3-BF4B-00C04F79EFBC}") = "WorkOrderPrint", "WorkOrderPrint\WorkOrderPrint.csproj", "{F40ED8BE-D7C4-4342-B12C-BFBC291C57C7}"
EndProject
Project("{FAE04EC0-301F-11D3-BF4B-00C04F79EFBC}") = "EquipmentParamMonitor_DP", "EquipmentParamMonitor_DP\EquipmentParamMonitor_DP.csproj", "{DEBEEB93-D83C-46B0-8642-54B749BBBC94}"
EndProject
Project("{FAE04EC0-301F-11D3-BF4B-00C04F79EFBC}") = "FRAEquipmentParamService", "FRAEquipmentParamService\FRAEquipmentParamService.csproj", "{286BD09F-A0FA-43B7-9E4F-FADFFE3D7405}"
EndProject
Global
	GlobalSection(SolutionConfigurationPlatforms) = preSolution
		Debug|Any CPU = Debug|Any CPU
		Release|Any CPU = Release|Any CPU
	EndGlobalSection
	GlobalSection(ProjectConfigurationPlatforms) = postSolution
		{5A811407-92CB-4AF7-B29E-9C8656AAA546}.Debug|Any CPU.ActiveCfg = Debug|Any CPU
		{5A811407-92CB-4AF7-B29E-9C8656AAA546}.Debug|Any CPU.Build.0 = Debug|Any CPU
		{5A811407-92CB-4AF7-B29E-9C8656AAA546}.Release|Any CPU.ActiveCfg = Release|Any CPU
		{5A811407-92CB-4AF7-B29E-9C8656AAA546}.Release|Any CPU.Build.0 = Release|Any CPU
		{2E9109F0-0FBA-4ED7-80F2-970724E6DC10}.Debug|Any CPU.ActiveCfg = Debug|Any CPU
		{2E9109F0-0FBA-4ED7-80F2-970724E6DC10}.Debug|Any CPU.Build.0 = Debug|Any CPU
		{2E9109F0-0FBA-4ED7-80F2-970724E6DC10}.Release|Any CPU.ActiveCfg = Release|Any CPU
		{2E9109F0-0FBA-4ED7-80F2-970724E6DC10}.Release|Any CPU.Build.0 = Release|Any CPU
		{78732ED7-3CC1-4158-8F9E-F7800BEDDCD6}.Debug|Any CPU.ActiveCfg = Debug|Any CPU
		{78732ED7-3CC1-4158-8F9E-F7800BEDDCD6}.Debug|Any CPU.Build.0 = Debug|Any CPU
		{78732ED7-3CC1-4158-8F9E-F7800BEDDCD6}.Release|Any CPU.ActiveCfg = Release|Any CPU
		{78732ED7-3CC1-4158-8F9E-F7800BEDDCD6}.Release|Any CPU.Build.0 = Release|Any CPU
		{F5001DDC-E904-483E-972C-FD3718E58BD1}.Debug|Any CPU.ActiveCfg = Debug|Any CPU
		{F5001DDC-E904-483E-972C-FD3718E58BD1}.Debug|Any CPU.Build.0 = Debug|Any CPU
		{F5001DDC-E904-483E-972C-FD3718E58BD1}.Release|Any CPU.ActiveCfg = Release|Any CPU
		{F5001DDC-E904-483E-972C-FD3718E58BD1}.Release|Any CPU.Build.0 = Release|Any CPU
		{693C17D3-B330-4B8B-BB9F-2BB7DCCFD988}.Debug|Any CPU.ActiveCfg = Debug|Any CPU
		{693C17D3-B330-4B8B-BB9F-2BB7DCCFD988}.Debug|Any CPU.Build.0 = Debug|Any CPU
		{693C17D3-B330-4B8B-BB9F-2BB7DCCFD988}.Release|Any CPU.ActiveCfg = Release|Any CPU
		{693C17D3-B330-4B8B-BB9F-2BB7DCCFD988}.Release|Any CPU.Build.0 = Release|Any CPU
		{CC14B7AE-DA53-4308-B026-DB2B2A891725}.Debug|Any CPU.ActiveCfg = Debug|Any CPU
		{CC14B7AE-DA53-4308-B026-DB2B2A891725}.Debug|Any CPU.Build.0 = Debug|Any CPU
		{CC14B7AE-DA53-4308-B026-DB2B2A891725}.Release|Any CPU.ActiveCfg = Release|Any CPU
		{CC14B7AE-DA53-4308-B026-DB2B2A891725}.Release|Any CPU.Build.0 = Release|Any CPU
		{4F2D93C4-0A50-4377-B544-E4F5BC56E310}.Debug|Any CPU.ActiveCfg = Debug|Any CPU
		{4F2D93C4-0A50-4377-B544-E4F5BC56E310}.Debug|Any CPU.Build.0 = Debug|Any CPU
		{4F2D93C4-0A50-4377-B544-E4F5BC56E310}.Release|Any CPU.ActiveCfg = Release|Any CPU
		{4F2D93C4-0A50-4377-B544-E4F5BC56E310}.Release|Any CPU.Build.0 = Release|Any CPU
		{92AC7C4A-A360-4464-A16D-03C5BE2CA2BA}.Debug|Any CPU.ActiveCfg = Debug|Any CPU
		{92AC7C4A-A360-4464-A16D-03C5BE2CA2BA}.Debug|Any CPU.Build.0 = Debug|Any CPU
		{92AC7C4A-A360-4464-A16D-03C5BE2CA2BA}.Release|Any CPU.ActiveCfg = Release|Any CPU
		{92AC7C4A-A360-4464-A16D-03C5BE2CA2BA}.Release|Any CPU.Build.0 = Release|Any CPU
		{6C0CB3B7-6E1F-4277-BFCE-D484BF88938F}.Debug|Any CPU.ActiveCfg = Debug|Any CPU
		{6C0CB3B7-6E1F-4277-BFCE-D484BF88938F}.Debug|Any CPU.Build.0 = Debug|Any CPU
		{6C0CB3B7-6E1F-4277-BFCE-D484BF88938F}.Release|Any CPU.ActiveCfg = Release|Any CPU
		{6C0CB3B7-6E1F-4277-BFCE-D484BF88938F}.Release|Any CPU.Build.0 = Release|Any CPU
		{91996C4C-E9BA-4D35-8912-8A46497C9F6C}.Debug|Any CPU.ActiveCfg = Debug|Any CPU
		{91996C4C-E9BA-4D35-8912-8A46497C9F6C}.Debug|Any CPU.Build.0 = Debug|Any CPU
		{91996C4C-E9BA-4D35-8912-8A46497C9F6C}.Release|Any CPU.ActiveCfg = Release|Any CPU
		{91996C4C-E9BA-4D35-8912-8A46497C9F6C}.Release|Any CPU.Build.0 = Release|Any CPU
		{1E0ACF64-6D25-415B-B574-1E4CA09FB7FF}.Debug|Any CPU.ActiveCfg = Debug|Any CPU
		{1E0ACF64-6D25-415B-B574-1E4CA09FB7FF}.Debug|Any CPU.Build.0 = Debug|Any CPU
		{1E0ACF64-6D25-415B-B574-1E4CA09FB7FF}.Release|Any CPU.ActiveCfg = Release|Any CPU
		{1E0ACF64-6D25-415B-B574-1E4CA09FB7FF}.Release|Any CPU.Build.0 = Release|Any CPU
		{EDF0BB47-D72C-40C0-98B9-4755B2122262}.Debug|Any CPU.ActiveCfg = Debug|Any CPU
		{EDF0BB47-D72C-40C0-98B9-4755B2122262}.Debug|Any CPU.Build.0 = Debug|Any CPU
		{EDF0BB47-D72C-40C0-98B9-4755B2122262}.Release|Any CPU.ActiveCfg = Release|Any CPU
		{EDF0BB47-D72C-40C0-98B9-4755B2122262}.Release|Any CPU.Build.0 = Release|Any CPU
		{9D88824D-0C4F-419A-8673-16438059701F}.Debug|Any CPU.ActiveCfg = Debug|Any CPU
		{9D88824D-0C4F-419A-8673-16438059701F}.Debug|Any CPU.Build.0 = Debug|Any CPU
		{9D88824D-0C4F-419A-8673-16438059701F}.Release|Any CPU.ActiveCfg = Release|Any CPU
		{9D88824D-0C4F-419A-8673-16438059701F}.Release|Any CPU.Build.0 = Release|Any CPU
		{F40ED8BE-D7C4-4342-B12C-BFBC291C57C7}.Debug|Any CPU.ActiveCfg = Debug|Any CPU
		{F40ED8BE-D7C4-4342-B12C-BFBC291C57C7}.Debug|Any CPU.Build.0 = Debug|Any CPU
		{F40ED8BE-D7C4-4342-B12C-BFBC291C57C7}.Release|Any CPU.ActiveCfg = Release|Any CPU
		{F40ED8BE-D7C4-4342-B12C-BFBC291C57C7}.Release|Any CPU.Build.0 = Release|Any CPU
		{DEBEEB93-D83C-46B0-8642-54B749BBBC94}.Debug|Any CPU.ActiveCfg = Debug|Any CPU
		{DEBEEB93-D83C-46B0-8642-54B749BBBC94}.Debug|Any CPU.Build.0 = Debug|Any CPU
		{DEBEEB93-D83C-46B0-8642-54B749BBBC94}.Release|Any CPU.ActiveCfg = Release|Any CPU
		{DEBEEB93-D83C-46B0-8642-54B749BBBC94}.Release|Any CPU.Build.0 = Release|Any CPU
		{286BD09F-A0FA-43B7-9E4F-FADFFE3D7405}.Debug|Any CPU.ActiveCfg = Debug|Any CPU
		{286BD09F-A0FA-43B7-9E4F-FADFFE3D7405}.Debug|Any CPU.Build.0 = Debug|Any CPU
		{286BD09F-A0FA-43B7-9E4F-FADFFE3D7405}.Release|Any CPU.ActiveCfg = Release|Any CPU
		{286BD09F-A0FA-43B7-9E4F-FADFFE3D7405}.Release|Any CPU.Build.0 = Release|Any CPU
	EndGlobalSection
	GlobalSection(SolutionProperties) = preSolution
		HideSolutionNode = FALSE
	EndGlobalSection
	GlobalSection(ExtensibilityGlobals) = postSolution
		SolutionGuid = {59D6E8A9-28C9-42AE-98A3-581B28CC5CE2}
	EndGlobalSection
EndGlobal
