
Microsoft Visual Studio Solution File, Format Version 12.00
# Visual Studio Version 16
VisualStudioVersion = 16.0.29728.190
MinimumVisualStudioVersion = 10.0.40219.1
Project("{FAE04EC0-301F-11D3-BF4B-00C04F79EFBC}") = "EquipmentParamMonitor", "EquipmentParamMonitor\EquipmentParamMonitor.csproj", "{5A811407-92CB-4AF7-B29E-9C8656AAA546}"
EndProject
Project("{FAE04EC0-301F-11D3-BF4B-00C04F79EFBC}") = "KanBanDataService", "KanBanDataService\KanBanDataService.csproj", "{2E9109F0-0FBA-4ED7-80F2-970724E6DC10}"
EndProject
Project("{FAE04EC0-301F-11D3-BF4B-00C04F79EFBC}") = "ShipperToQAD", "ShipperToQAD\ShipperToQAD.csproj", "{78732ED7-3CC1-4158-8F9E-F7800BEDDCD6}"
EndProject
Project("{FAE04EC0-301F-11D3-BF4B-00C04F79EFBC}") = "BroadCastDispatch", "BroadCastDispatch\BroadCastDispatch.csproj", "{F5001DDC-E904-483E-972C-FD3718E58BD1}"
EndProject
Project("{FAE04EC0-301F-11D3-BF4B-00C04F79EFBC}") = "JISBroad", "JISBroad\JISBroad.csproj", "{156CA871-D1A3-4ADE-8E5D-0ADBA4254D0F}"
EndProject
Global
	GlobalSection(SolutionConfigurationPlatforms) = preSolution
		Debug|Any CPU = Debug|Any CPU
		Release|Any CPU = Release|Any CPU
	EndGlobalSection
	GlobalSection(ProjectConfigurationPlatforms) = postSolution
		{5A811407-92CB-4AF7-B29E-9C8656AAA546}.Debug|Any CPU.ActiveCfg = Debug|Any CPU
		{5A811407-92CB-4AF7-B29E-9C8656AAA546}.Debug|Any CPU.Build.0 = Debug|Any CPU
		{5A811407-92CB-4AF7-B29E-9C8656AAA546}.Release|Any CPU.ActiveCfg = Release|Any CPU
		{5A811407-92CB-4AF7-B29E-9C8656AAA546}.Release|Any CPU.Build.0 = Release|Any CPU
		{2E9109F0-0FBA-4ED7-80F2-970724E6DC10}.Debug|Any CPU.ActiveCfg = Debug|Any CPU
		{2E9109F0-0FBA-4ED7-80F2-970724E6DC10}.Debug|Any CPU.Build.0 = Debug|Any CPU
		{2E9109F0-0FBA-4ED7-80F2-970724E6DC10}.Release|Any CPU.ActiveCfg = Release|Any CPU
		{2E9109F0-0FBA-4ED7-80F2-970724E6DC10}.Release|Any CPU.Build.0 = Release|Any CPU
		{78732ED7-3CC1-4158-8F9E-F7800BEDDCD6}.Debug|Any CPU.ActiveCfg = Debug|Any CPU
		{78732ED7-3CC1-4158-8F9E-F7800BEDDCD6}.Debug|Any CPU.Build.0 = Debug|Any CPU
		{78732ED7-3CC1-4158-8F9E-F7800BEDDCD6}.Release|Any CPU.ActiveCfg = Release|Any CPU
		{78732ED7-3CC1-4158-8F9E-F7800BEDDCD6}.Release|Any CPU.Build.0 = Release|Any CPU
		{F5001DDC-E904-483E-972C-FD3718E58BD1}.Debug|Any CPU.ActiveCfg = Debug|Any CPU
		{F5001DDC-E904-483E-972C-FD3718E58BD1}.Debug|Any CPU.Build.0 = Debug|Any CPU
		{F5001DDC-E904-483E-972C-FD3718E58BD1}.Release|Any CPU.ActiveCfg = Release|Any CPU
		{F5001DDC-E904-483E-972C-FD3718E58BD1}.Release|Any CPU.Build.0 = Release|Any CPU
		{156CA871-D1A3-4ADE-8E5D-0ADBA4254D0F}.Debug|Any CPU.ActiveCfg = Debug|Any CPU
		{156CA871-D1A3-4ADE-8E5D-0ADBA4254D0F}.Debug|Any CPU.Build.0 = Debug|Any CPU
		{156CA871-D1A3-4ADE-8E5D-0ADBA4254D0F}.Release|Any CPU.ActiveCfg = Release|Any CPU
		{156CA871-D1A3-4ADE-8E5D-0ADBA4254D0F}.Release|Any CPU.Build.0 = Release|Any CPU
	EndGlobalSection
	GlobalSection(SolutionProperties) = preSolution
		HideSolutionNode = FALSE
	EndGlobalSection
	GlobalSection(ExtensibilityGlobals) = postSolution
		SolutionGuid = {59D6E8A9-28C9-42AE-98A3-581B28CC5CE2}
	EndGlobalSection
EndGlobal
